
Microsoft Visual Studio Solution File, Format Version 12.00
# Visual Studio Version 17
VisualStudioVersion = 17.8.34316.72
MinimumVisualStudioVersion = 10.0.40219.1
Project("{9A19103F-16F7-4668-BE54-9A1E7A4F7556}") = "AuctionApi", "AuctionApi.csproj", "{53468084-D0DE-4676-9061-A5996A4F69A1}"
EndProject
Project("{9A19103F-16F7-4668-BE54-9A1E7A4F7556}") = "DataModel", "..\AppHub\DataModel\DataModel.csproj", "{82DD68D3-C6F3-4A3A-8192-C7DD0260ECFF}"
EndProject
Project("{9A19103F-16F7-4668-BE54-9A1E7A4F7556}") = "Repository", "..\AppHub\Repository\Repository.csproj", "{3294C158-4BC1-463B-A8BC-9705C51283EC}"
EndProject
Global
	GlobalSection(SolutionConfigurationPlatforms) = preSolution
		Debug|Any CPU = Debug|Any CPU
		Release|Any CPU = Release|Any CPU
	EndGlobalSection
	GlobalSection(ProjectConfigurationPlatforms) = postSolution
		{53468084-D0DE-4676-9061-A5996A4F69A1}.Debug|Any CPU.ActiveCfg = Debug|Any CPU
		{53468084-D0DE-4676-9061-A5996A4F69A1}.Debug|Any CPU.Build.0 = Debug|Any CPU
		{53468084-D0DE-4676-9061-A5996A4F69A1}.Release|Any CPU.ActiveCfg = Release|Any CPU
		{53468084-D0DE-4676-9061-A5996A4F69A1}.Release|Any CPU.Build.0 = Release|Any CPU
		{82DD68D3-C6F3-4A3A-8192-C7DD0260ECFF}.Debug|Any CPU.ActiveCfg = Debug|Any CPU
		{82DD68D3-C6F3-4A3A-8192-C7DD0260ECFF}.Debug|Any CPU.Build.0 = Debug|Any CPU
		{82DD68D3-C6F3-4A3A-8192-C7DD0260ECFF}.Release|Any CPU.ActiveCfg = Release|Any CPU
		{82DD68D3-C6F3-4A3A-8192-C7DD0260ECFF}.Release|Any CPU.Build.0 = Release|Any CPU
		{3294C158-4BC1-463B-A8BC-9705C51283EC}.Debug|Any CPU.ActiveCfg = Debug|Any CPU
		{3294C158-4BC1-463B-A8BC-9705C51283EC}.Debug|Any CPU.Build.0 = Debug|Any CPU
		{3294C158-4BC1-463B-A8BC-9705C51283EC}.Release|Any CPU.ActiveCfg = Release|Any CPU
		{3294C158-4BC1-463B-A8BC-9705C51283EC}.Release|Any CPU.Build.0 = Release|Any CPU
	EndGlobalSection
	GlobalSection(SolutionProperties) = preSolution
		HideSolutionNode = FALSE
	EndGlobalSection
	GlobalSection(ExtensibilityGlobals) = postSolution
		SolutionGuid = {FCB79173-F6B4-4743-AA49-C9AEB381B4DE}
	EndGlobalSection
EndGlobal
